// !$*UTF8*$!
{
	archiveVersion = 1;
	classes = {
	};
	objectVersion = 46;
	objects = {

/* Begin PBXBuildFile section */
		61F82B98A3FE7E1778A5F5BC /* Pods.framework in Frameworks */ = {isa = PBXBuildFile; fileRef = B92482ED2373F38F63131476 /* Pods.framework */; };
		B809A9BB1BE61A07000D0D8A /* GlobalFunction.swift in Sources */ = {isa = PBXBuildFile; fileRef = B809A9BA1BE61A07000D0D8A /* GlobalFunction.swift */; };
		B809A9C11BE61D60000D0D8A /* Localizable.strings in Resources */ = {isa = PBXBuildFile; fileRef = B809A9C31BE61D60000D0D8A /* Localizable.strings */; };
		B80D48871BE0E29B009E3410 /* AppDelegate.swift in Sources */ = {isa = PBXBuildFile; fileRef = B80D48861BE0E29B009E3410 /* AppDelegate.swift */; };
		B80D48911BE0E29B009E3410 /* Assets.xcassets in Resources */ = {isa = PBXBuildFile; fileRef = B80D48901BE0E29B009E3410 /* Assets.xcassets */; };
		B80D48941BE0E29B009E3410 /* LaunchScreen.storyboard in Resources */ = {isa = PBXBuildFile; fileRef = B80D48921BE0E29B009E3410 /* LaunchScreen.storyboard */; };
		B80D489F1BE0E29B009E3410 /* aromaTests.swift in Sources */ = {isa = PBXBuildFile; fileRef = B80D489E1BE0E29B009E3410 /* aromaTests.swift */; };
		B80D48AA1BE0E29B009E3410 /* aromaUITests.swift in Sources */ = {isa = PBXBuildFile; fileRef = B80D48A91BE0E29B009E3410 /* aromaUITests.swift */; };
		B825997D1BE43A790054EF5E /* HomeViewController.swift in Sources */ = {isa = PBXBuildFile; fileRef = B825997C1BE43A790054EF5E /* HomeViewController.swift */; };
		B825997F1BE43A870054EF5E /* Home.storyboard in Resources */ = {isa = PBXBuildFile; fileRef = B825997E1BE43A870054EF5E /* Home.storyboard */; };
		B87CFA621BE7AE1500D6C43B /* AppColor.swift in Sources */ = {isa = PBXBuildFile; fileRef = B87CFA611BE7AE1500D6C43B /* AppColor.swift */; };
		B87CFA641BE7AE3A00D6C43B /* UIColor+Extension.swift in Sources */ = {isa = PBXBuildFile; fileRef = B87CFA631BE7AE3A00D6C43B /* UIColor+Extension.swift */; };
		B8D4F3A51BE5B120000E7D3A /* TimeLineDataHandler.swift in Sources */ = {isa = PBXBuildFile; fileRef = B8D4F3A41BE5B120000E7D3A /* TimeLineDataHandler.swift */; };
		B8D4F3A71BE5B364000E7D3A /* TimeLineCell.swift in Sources */ = {isa = PBXBuildFile; fileRef = B8D4F3A61BE5B364000E7D3A /* TimeLineCell.swift */; };
		B8D4F3A91BE5B6A8000E7D3A /* IngredientDataHandler.swift in Sources */ = {isa = PBXBuildFile; fileRef = B8D4F3A81BE5B6A8000E7D3A /* IngredientDataHandler.swift */; };
		B8D4F3AD1BE5B76E000E7D3A /* IngredientCell.swift in Sources */ = {isa = PBXBuildFile; fileRef = B8D4F3AC1BE5B76E000E7D3A /* IngredientCell.swift */; };
		B8D4F3B01BE5C0B7000E7D3A /* LikeButton.swift in Sources */ = {isa = PBXBuildFile; fileRef = B8D4F3AF1BE5C0B7000E7D3A /* LikeButton.swift */; };
		B8D4F3B21BE5C10B000E7D3A /* CommentButton.swift in Sources */ = {isa = PBXBuildFile; fileRef = B8D4F3B11BE5C10B000E7D3A /* CommentButton.swift */; };
		B8D4F3B41BE5C12B000E7D3A /* ProfileImageView.swift in Sources */ = {isa = PBXBuildFile; fileRef = B8D4F3B31BE5C12B000E7D3A /* ProfileImageView.swift */; };
		B8D4F3B61BE5C1E4000E7D3A /* ClipButton.swift in Sources */ = {isa = PBXBuildFile; fileRef = B8D4F3B51BE5C1E4000E7D3A /* ClipButton.swift */; };
		B8D4F3B81BE5D19C000E7D3A /* SETextView+Extension.swift in Sources */ = {isa = PBXBuildFile; fileRef = B8D4F3B71BE5D19C000E7D3A /* SETextView+Extension.swift */; };
		B8D4F3BA1BE5D448000E7D3A /* NSMutableAttributedString+Extension.swift in Sources */ = {isa = PBXBuildFile; fileRef = B8D4F3B91BE5D448000E7D3A /* NSMutableAttributedString+Extension.swift */; };
		B8DF66B11BE0F13900729DBB /* aroma.xcdatamodeld in Sources */ = {isa = PBXBuildFile; fileRef = B8DF66AF1BE0F13900729DBB /* aroma.xcdatamodeld */; };
		B8DF66B81BE0F29600729DBB /* TabBarController.swift in Sources */ = {isa = PBXBuildFile; fileRef = B8DF66B71BE0F29600729DBB /* TabBarController.swift */; };
		B8DF66BB1BE0F54D00729DBB /* TimeLineViewController.swift in Sources */ = {isa = PBXBuildFile; fileRef = B8DF66BA1BE0F54D00729DBB /* TimeLineViewController.swift */; };
		B8DF66BD1BE0F59700729DBB /* TimeLine.storyboard in Resources */ = {isa = PBXBuildFile; fileRef = B8DF66BC1BE0F59700729DBB /* TimeLine.storyboard */; };
		B8DF66C01BE0FA3400729DBB /* Search.storyboard in Resources */ = {isa = PBXBuildFile; fileRef = B8DF66BF1BE0FA3400729DBB /* Search.storyboard */; };
		B8DF66C21BE0FA4C00729DBB /* SearchViewController.swift in Sources */ = {isa = PBXBuildFile; fileRef = B8DF66C11BE0FA4C00729DBB /* SearchViewController.swift */; };
		B8DF66C61BE0FAD000729DBB /* NoticeViewController.swift in Sources */ = {isa = PBXBuildFile; fileRef = B8DF66C51BE0FAD000729DBB /* NoticeViewController.swift */; };
		B8DF66C81BE0FADD00729DBB /* Notice.storyboard in Resources */ = {isa = PBXBuildFile; fileRef = B8DF66C71BE0FADD00729DBB /* Notice.storyboard */; };
		B8DF66CA1BE0FB0600729DBB /* MyPage.storyboard in Resources */ = {isa = PBXBuildFile; fileRef = B8DF66C91BE0FB0600729DBB /* MyPage.storyboard */; };
		B8DF66CC1BE0FB1500729DBB /* MyPageViewController.swift in Sources */ = {isa = PBXBuildFile; fileRef = B8DF66CB1BE0FB1500729DBB /* MyPageViewController.swift */; };
		B8DF66CF1BE0FEDB00729DBB /* Post.storyboard in Resources */ = {isa = PBXBuildFile; fileRef = B8DF66CE1BE0FEDB00729DBB /* Post.storyboard */; };
		B8DF66D11BE0FEF000729DBB /* PostViewController.swift in Sources */ = {isa = PBXBuildFile; fileRef = B8DF66D01BE0FEF000729DBB /* PostViewController.swift */; };
		B8DF66D41BE1017800729DBB /* UIViewController+Extension.swift in Sources */ = {isa = PBXBuildFile; fileRef = B8DF66D31BE1017800729DBB /* UIViewController+Extension.swift */; };
/* End PBXBuildFile section */

/* Begin PBXContainerItemProxy section */
		B80D489B1BE0E29B009E3410 /* PBXContainerItemProxy */ = {
			isa = PBXContainerItemProxy;
			containerPortal = B80D487B1BE0E29B009E3410 /* Project object */;
			proxyType = 1;
			remoteGlobalIDString = B80D48821BE0E29B009E3410;
			remoteInfo = aroma;
		};
		B80D48A61BE0E29B009E3410 /* PBXContainerItemProxy */ = {
			isa = PBXContainerItemProxy;
			containerPortal = B80D487B1BE0E29B009E3410 /* Project object */;
			proxyType = 1;
			remoteGlobalIDString = B80D48821BE0E29B009E3410;
			remoteInfo = aroma;
		};
/* End PBXContainerItemProxy section */

/* Begin PBXFileReference section */
		49C8AD235F9BB6C70F48CF74 /* Pods.debug.xcconfig */ = {isa = PBXFileReference; includeInIndex = 1; lastKnownFileType = text.xcconfig; name = Pods.debug.xcconfig; path = "Pods/Target Support Files/Pods/Pods.debug.xcconfig"; sourceTree = "<group>"; };
		6F2E1F4DFF18D580EC23A23C /* Pods.release.xcconfig */ = {isa = PBXFileReference; includeInIndex = 1; lastKnownFileType = text.xcconfig; name = Pods.release.xcconfig; path = "Pods/Target Support Files/Pods/Pods.release.xcconfig"; sourceTree = "<group>"; };
		B809A9BA1BE61A07000D0D8A /* GlobalFunction.swift */ = {isa = PBXFileReference; fileEncoding = 4; lastKnownFileType = sourcecode.swift; path = GlobalFunction.swift; sourceTree = "<group>"; };
		B809A9BE1BE61C11000D0D8A /* ja */ = {isa = PBXFileReference; lastKnownFileType = text.plist.strings; name = ja; path = ja.lproj/LaunchScreen.strings; sourceTree = "<group>"; };
		B809A9C21BE61D60000D0D8A /* Base */ = {isa = PBXFileReference; lastKnownFileType = text.plist.strings; name = Base; path = Base.lproj/Localizable.strings; sourceTree = "<group>"; };
		B809A9C51BE61D65000D0D8A /* ja */ = {isa = PBXFileReference; lastKnownFileType = text.plist.strings; name = ja; path = ja.lproj/Localizable.strings; sourceTree = "<group>"; };
		B80D48831BE0E29B009E3410 /* aroma.app */ = {isa = PBXFileReference; explicitFileType = wrapper.application; includeInIndex = 0; path = aroma.app; sourceTree = BUILT_PRODUCTS_DIR; };
		B80D48861BE0E29B009E3410 /* AppDelegate.swift */ = {isa = PBXFileReference; lastKnownFileType = sourcecode.swift; path = AppDelegate.swift; sourceTree = "<group>"; };
		B80D48901BE0E29B009E3410 /* Assets.xcassets */ = {isa = PBXFileReference; lastKnownFileType = folder.assetcatalog; path = Assets.xcassets; sourceTree = "<group>"; };
		B80D48931BE0E29B009E3410 /* Base */ = {isa = PBXFileReference; lastKnownFileType = file.storyboard; name = Base; path = Base.lproj/LaunchScreen.storyboard; sourceTree = "<group>"; };
		B80D48951BE0E29B009E3410 /* Info.plist */ = {isa = PBXFileReference; lastKnownFileType = text.plist.xml; path = Info.plist; sourceTree = "<group>"; };
		B80D489A1BE0E29B009E3410 /* aromaTests.xctest */ = {isa = PBXFileReference; explicitFileType = wrapper.cfbundle; includeInIndex = 0; path = aromaTests.xctest; sourceTree = BUILT_PRODUCTS_DIR; };
		B80D489E1BE0E29B009E3410 /* aromaTests.swift */ = {isa = PBXFileReference; lastKnownFileType = sourcecode.swift; path = aromaTests.swift; sourceTree = "<group>"; };
		B80D48A01BE0E29B009E3410 /* Info.plist */ = {isa = PBXFileReference; lastKnownFileType = text.plist.xml; path = Info.plist; sourceTree = "<group>"; };
		B80D48A51BE0E29B009E3410 /* aromaUITests.xctest */ = {isa = PBXFileReference; explicitFileType = wrapper.cfbundle; includeInIndex = 0; path = aromaUITests.xctest; sourceTree = BUILT_PRODUCTS_DIR; };
		B80D48A91BE0E29B009E3410 /* aromaUITests.swift */ = {isa = PBXFileReference; lastKnownFileType = sourcecode.swift; path = aromaUITests.swift; sourceTree = "<group>"; };
		B80D48AB1BE0E29B009E3410 /* Info.plist */ = {isa = PBXFileReference; lastKnownFileType = text.plist.xml; path = Info.plist; sourceTree = "<group>"; };
		B825997C1BE43A790054EF5E /* HomeViewController.swift */ = {isa = PBXFileReference; fileEncoding = 4; lastKnownFileType = sourcecode.swift; path = HomeViewController.swift; sourceTree = "<group>"; };
		B825997E1BE43A870054EF5E /* Home.storyboard */ = {isa = PBXFileReference; fileEncoding = 4; lastKnownFileType = file.storyboard; path = Home.storyboard; sourceTree = "<group>"; };
		B87CFA611BE7AE1500D6C43B /* AppColor.swift */ = {isa = PBXFileReference; fileEncoding = 4; lastKnownFileType = sourcecode.swift; path = AppColor.swift; sourceTree = "<group>"; };
		B87CFA631BE7AE3A00D6C43B /* UIColor+Extension.swift */ = {isa = PBXFileReference; fileEncoding = 4; lastKnownFileType = sourcecode.swift; path = "UIColor+Extension.swift"; sourceTree = "<group>"; };
		B8D4F3A41BE5B120000E7D3A /* TimeLineDataHandler.swift */ = {isa = PBXFileReference; fileEncoding = 4; lastKnownFileType = sourcecode.swift; path = TimeLineDataHandler.swift; sourceTree = "<group>"; };
		B8D4F3A61BE5B364000E7D3A /* TimeLineCell.swift */ = {isa = PBXFileReference; fileEncoding = 4; lastKnownFileType = sourcecode.swift; path = TimeLineCell.swift; sourceTree = "<group>"; };
		B8D4F3A81BE5B6A8000E7D3A /* IngredientDataHandler.swift */ = {isa = PBXFileReference; fileEncoding = 4; lastKnownFileType = sourcecode.swift; path = IngredientDataHandler.swift; sourceTree = "<group>"; };
		B8D4F3AC1BE5B76E000E7D3A /* IngredientCell.swift */ = {isa = PBXFileReference; fileEncoding = 4; lastKnownFileType = sourcecode.swift; path = IngredientCell.swift; sourceTree = "<group>"; };
		B8D4F3AF1BE5C0B7000E7D3A /* LikeButton.swift */ = {isa = PBXFileReference; fileEncoding = 4; lastKnownFileType = sourcecode.swift; path = LikeButton.swift; sourceTree = "<group>"; };
		B8D4F3B11BE5C10B000E7D3A /* CommentButton.swift */ = {isa = PBXFileReference; fileEncoding = 4; lastKnownFileType = sourcecode.swift; path = CommentButton.swift; sourceTree = "<group>"; };
		B8D4F3B31BE5C12B000E7D3A /* ProfileImageView.swift */ = {isa = PBXFileReference; fileEncoding = 4; lastKnownFileType = sourcecode.swift; path = ProfileImageView.swift; sourceTree = "<group>"; };
		B8D4F3B51BE5C1E4000E7D3A /* ClipButton.swift */ = {isa = PBXFileReference; fileEncoding = 4; lastKnownFileType = sourcecode.swift; path = ClipButton.swift; sourceTree = "<group>"; };
		B8D4F3B71BE5D19C000E7D3A /* SETextView+Extension.swift */ = {isa = PBXFileReference; fileEncoding = 4; lastKnownFileType = sourcecode.swift; path = "SETextView+Extension.swift"; sourceTree = "<group>"; };
		B8D4F3B91BE5D448000E7D3A /* NSMutableAttributedString+Extension.swift */ = {isa = PBXFileReference; fileEncoding = 4; lastKnownFileType = sourcecode.swift; path = "NSMutableAttributedString+Extension.swift"; sourceTree = "<group>"; };
		B8DF66B01BE0F13900729DBB /* aroma.xcdatamodel */ = {isa = PBXFileReference; lastKnownFileType = wrapper.xcdatamodel; path = aroma.xcdatamodel; sourceTree = "<group>"; };
		B8DF66B71BE0F29600729DBB /* TabBarController.swift */ = {isa = PBXFileReference; fileEncoding = 4; lastKnownFileType = sourcecode.swift; path = TabBarController.swift; sourceTree = "<group>"; };
		B8DF66BA1BE0F54D00729DBB /* TimeLineViewController.swift */ = {isa = PBXFileReference; fileEncoding = 4; lastKnownFileType = sourcecode.swift; path = TimeLineViewController.swift; sourceTree = "<group>"; };
		B8DF66BC1BE0F59700729DBB /* TimeLine.storyboard */ = {isa = PBXFileReference; fileEncoding = 4; lastKnownFileType = file.storyboard; path = TimeLine.storyboard; sourceTree = "<group>"; };
		B8DF66BF1BE0FA3400729DBB /* Search.storyboard */ = {isa = PBXFileReference; fileEncoding = 4; lastKnownFileType = file.storyboard; path = Search.storyboard; sourceTree = "<group>"; };
		B8DF66C11BE0FA4C00729DBB /* SearchViewController.swift */ = {isa = PBXFileReference; fileEncoding = 4; lastKnownFileType = sourcecode.swift; path = SearchViewController.swift; sourceTree = "<group>"; };
		B8DF66C51BE0FAD000729DBB /* NoticeViewController.swift */ = {isa = PBXFileReference; fileEncoding = 4; lastKnownFileType = sourcecode.swift; path = NoticeViewController.swift; sourceTree = "<group>"; };
		B8DF66C71BE0FADD00729DBB /* Notice.storyboard */ = {isa = PBXFileReference; fileEncoding = 4; lastKnownFileType = file.storyboard; path = Notice.storyboard; sourceTree = "<group>"; };
		B8DF66C91BE0FB0600729DBB /* MyPage.storyboard */ = {isa = PBXFileReference; fileEncoding = 4; lastKnownFileType = file.storyboard; path = MyPage.storyboard; sourceTree = "<group>"; };
		B8DF66CB1BE0FB1500729DBB /* MyPageViewController.swift */ = {isa = PBXFileReference; fileEncoding = 4; lastKnownFileType = sourcecode.swift; path = MyPageViewController.swift; sourceTree = "<group>"; };
		B8DF66CE1BE0FEDB00729DBB /* Post.storyboard */ = {isa = PBXFileReference; fileEncoding = 4; lastKnownFileType = file.storyboard; path = Post.storyboard; sourceTree = "<group>"; };
		B8DF66D01BE0FEF000729DBB /* PostViewController.swift */ = {isa = PBXFileReference; fileEncoding = 4; lastKnownFileType = sourcecode.swift; path = PostViewController.swift; sourceTree = "<group>"; };
		B8DF66D31BE1017800729DBB /* UIViewController+Extension.swift */ = {isa = PBXFileReference; fileEncoding = 4; lastKnownFileType = sourcecode.swift; path = "UIViewController+Extension.swift"; sourceTree = "<group>"; };
		B92482ED2373F38F63131476 /* Pods.framework */ = {isa = PBXFileReference; explicitFileType = wrapper.framework; includeInIndex = 0; path = Pods.framework; sourceTree = BUILT_PRODUCTS_DIR; };
/* End PBXFileReference section */

/* Begin PBXFrameworksBuildPhase section */
		B80D48801BE0E29B009E3410 /* Frameworks */ = {
			isa = PBXFrameworksBuildPhase;
			buildActionMask = 2147483647;
			files = (
				61F82B98A3FE7E1778A5F5BC /* Pods.framework in Frameworks */,
			);
			runOnlyForDeploymentPostprocessing = 0;
		};
		B80D48971BE0E29B009E3410 /* Frameworks */ = {
			isa = PBXFrameworksBuildPhase;
			buildActionMask = 2147483647;
			files = (
			);
			runOnlyForDeploymentPostprocessing = 0;
		};
		B80D48A21BE0E29B009E3410 /* Frameworks */ = {
			isa = PBXFrameworksBuildPhase;
			buildActionMask = 2147483647;
			files = (
			);
			runOnlyForDeploymentPostprocessing = 0;
		};
/* End PBXFrameworksBuildPhase section */

/* Begin PBXGroup section */
		B809A9B91BE619AC000D0D8A /* Util */ = {
			isa = PBXGroup;
			children = (
				B809A9BA1BE61A07000D0D8A /* GlobalFunction.swift */,
				B87CFA611BE7AE1500D6C43B /* AppColor.swift */,
			);
			path = Util;
			sourceTree = "<group>";
		};
		B80D487A1BE0E29B009E3410 = {
			isa = PBXGroup;
			children = (
				B80D48851BE0E29B009E3410 /* aroma */,
				B80D489D1BE0E29B009E3410 /* aromaTests */,
				B80D48A81BE0E29B009E3410 /* aromaUITests */,
				B80D48841BE0E29B009E3410 /* Products */,
				C09A4D4EB7036850968A1807 /* Pods */,
				D2A5DCD61A3845D24163A3D8 /* Frameworks */,
			);
			sourceTree = "<group>";
		};
		B80D48841BE0E29B009E3410 /* Products */ = {
			isa = PBXGroup;
			children = (
				B80D48831BE0E29B009E3410 /* aroma.app */,
				B80D489A1BE0E29B009E3410 /* aromaTests.xctest */,
				B80D48A51BE0E29B009E3410 /* aromaUITests.xctest */,
			);
			name = Products;
			sourceTree = "<group>";
		};
		B80D48851BE0E29B009E3410 /* aroma */ = {
			isa = PBXGroup;
			children = (
				B8DF66AB1BE0F03300729DBB /* Scripts */,
				B80D48901BE0E29B009E3410 /* Assets.xcassets */,
				B80D48921BE0E29B009E3410 /* LaunchScreen.storyboard */,
				B80D48951BE0E29B009E3410 /* Info.plist */,
				B809A9C31BE61D60000D0D8A /* Localizable.strings */,
			);
			path = aroma;
			sourceTree = "<group>";
		};
		B80D489D1BE0E29B009E3410 /* aromaTests */ = {
			isa = PBXGroup;
			children = (
				B80D489E1BE0E29B009E3410 /* aromaTests.swift */,
				B80D48A01BE0E29B009E3410 /* Info.plist */,
			);
			path = aromaTests;
			sourceTree = "<group>";
		};
		B80D48A81BE0E29B009E3410 /* aromaUITests */ = {
			isa = PBXGroup;
			children = (
				B80D48A91BE0E29B009E3410 /* aromaUITests.swift */,
				B80D48AB1BE0E29B009E3410 /* Info.plist */,
			);
			path = aromaUITests;
			sourceTree = "<group>";
		};
		B825997B1BE43A2D0054EF5E /* Home */ = {
			isa = PBXGroup;
			children = (
				B825997C1BE43A790054EF5E /* HomeViewController.swift */,
				B825997E1BE43A870054EF5E /* Home.storyboard */,
			);
			path = Home;
			sourceTree = "<group>";
		};
		B8D4F3AE1BE5C056000E7D3A /* Common */ = {
			isa = PBXGroup;
			children = (
				B8D4F3B31BE5C12B000E7D3A /* ProfileImageView.swift */,
				B8D4F3AF1BE5C0B7000E7D3A /* LikeButton.swift */,
				B8D4F3B11BE5C10B000E7D3A /* CommentButton.swift */,
				B8D4F3B51BE5C1E4000E7D3A /* ClipButton.swift */,
			);
			path = Common;
			sourceTree = "<group>";
		};
		B8DF66AB1BE0F03300729DBB /* Scripts */ = {
			isa = PBXGroup;
			children = (
				B80D48861BE0E29B009E3410 /* AppDelegate.swift */,
				B8DF66AD1BE0F0E000729DBB /* Models */,
				B8DF66AC1BE0F0D100729DBB /* Functions */,
			);
			path = Scripts;
			sourceTree = "<group>";
		};
		B8DF66AC1BE0F0D100729DBB /* Functions */ = {
			isa = PBXGroup;
			children = (
				B8DF66D21BE1014D00729DBB /* Extensions */,
				B809A9B91BE619AC000D0D8A /* Util */,
				B8D4F3AE1BE5C056000E7D3A /* Common */,
				B8DF66B21BE0F17200729DBB /* TabBar */,
				B825997B1BE43A2D0054EF5E /* Home */,
				B8DF66BE1BE0F94300729DBB /* Search */,
				B8DF66CD1BE0FE3400729DBB /* Post */,
				B8DF66C31BE0FA5700729DBB /* Notice */,
				B8DF66C41BE0FA7700729DBB /* MyPage */,
				B8DF66B91BE0F4F700729DBB /* TimeLine */,
			);
			path = Functions;
			sourceTree = "<group>";
		};
		B8DF66AD1BE0F0E000729DBB /* Models */ = {
			isa = PBXGroup;
			children = (
				B8DF66AE1BE0F0F800729DBB /* CoreData */,
			);
			path = Models;
			sourceTree = "<group>";
		};
		B8DF66AE1BE0F0F800729DBB /* CoreData */ = {
			isa = PBXGroup;
			children = (
				B8DF66AF1BE0F13900729DBB /* aroma.xcdatamodeld */,
			);
			path = CoreData;
			sourceTree = "<group>";
		};
		B8DF66B21BE0F17200729DBB /* TabBar */ = {
			isa = PBXGroup;
			children = (
				B8DF66B71BE0F29600729DBB /* TabBarController.swift */,
			);
			path = TabBar;
			sourceTree = "<group>";
		};
		B8DF66B91BE0F4F700729DBB /* TimeLine */ = {
			isa = PBXGroup;
			children = (
				B8DF66BC1BE0F59700729DBB /* TimeLine.storyboard */,
				B8DF66BA1BE0F54D00729DBB /* TimeLineViewController.swift */,
				B8D4F3A41BE5B120000E7D3A /* TimeLineDataHandler.swift */,
				B8D4F3A61BE5B364000E7D3A /* TimeLineCell.swift */,
				B8D4F3A81BE5B6A8000E7D3A /* IngredientDataHandler.swift */,
				B8D4F3AC1BE5B76E000E7D3A /* IngredientCell.swift */,
			);
			path = TimeLine;
			sourceTree = "<group>";
		};
		B8DF66BE1BE0F94300729DBB /* Search */ = {
			isa = PBXGroup;
			children = (
				B8DF66C11BE0FA4C00729DBB /* SearchViewController.swift */,
				B8DF66BF1BE0FA3400729DBB /* Search.storyboard */,
			);
			path = Search;
			sourceTree = "<group>";
		};
		B8DF66C31BE0FA5700729DBB /* Notice */ = {
			isa = PBXGroup;
			children = (
				B8DF66C51BE0FAD000729DBB /* NoticeViewController.swift */,
				B8DF66C71BE0FADD00729DBB /* Notice.storyboard */,
			);
			path = Notice;
			sourceTree = "<group>";
		};
		B8DF66C41BE0FA7700729DBB /* MyPage */ = {
			isa = PBXGroup;
			children = (
				B8DF66CB1BE0FB1500729DBB /* MyPageViewController.swift */,
				B8DF66C91BE0FB0600729DBB /* MyPage.storyboard */,
			);
			path = MyPage;
			sourceTree = "<group>";
		};
		B8DF66CD1BE0FE3400729DBB /* Post */ = {
			isa = PBXGroup;
			children = (
				B8DF66D01BE0FEF000729DBB /* PostViewController.swift */,
				B8DF66CE1BE0FEDB00729DBB /* Post.storyboard */,
			);
			path = Post;
			sourceTree = "<group>";
		};
		B8DF66D21BE1014D00729DBB /* Extensions */ = {
			isa = PBXGroup;
			children = (
				B8DF66D31BE1017800729DBB /* UIViewController+Extension.swift */,
				B8D4F3B71BE5D19C000E7D3A /* SETextView+Extension.swift */,
				B8D4F3B91BE5D448000E7D3A /* NSMutableAttributedString+Extension.swift */,
				B87CFA631BE7AE3A00D6C43B /* UIColor+Extension.swift */,
			);
			path = Extensions;
			sourceTree = "<group>";
		};
		C09A4D4EB7036850968A1807 /* Pods */ = {
			isa = PBXGroup;
			children = (
				49C8AD235F9BB6C70F48CF74 /* Pods.debug.xcconfig */,
				6F2E1F4DFF18D580EC23A23C /* Pods.release.xcconfig */,
			);
			name = Pods;
			sourceTree = "<group>";
		};
		D2A5DCD61A3845D24163A3D8 /* Frameworks */ = {
			isa = PBXGroup;
			children = (
				B92482ED2373F38F63131476 /* Pods.framework */,
			);
			name = Frameworks;
			sourceTree = "<group>";
		};
/* End PBXGroup section */

/* Begin PBXNativeTarget section */
		B80D48821BE0E29B009E3410 /* aroma */ = {
			isa = PBXNativeTarget;
			buildConfigurationList = B80D48AE1BE0E29B009E3410 /* Build configuration list for PBXNativeTarget "aroma" */;
			buildPhases = (
				C854375D52A946DE77F12C2B /* Check Pods Manifest.lock */,
				B80D487F1BE0E29B009E3410 /* Sources */,
				B80D48801BE0E29B009E3410 /* Frameworks */,
				B80D48811BE0E29B009E3410 /* Resources */,
				D25C79B4989483E07E3CEBB1 /* Embed Pods Frameworks */,
				2FF83536A1936395B102228D /* Copy Pods Resources */,
			);
			buildRules = (
			);
			dependencies = (
			);
			name = aroma;
			productName = aroma;
			productReference = B80D48831BE0E29B009E3410 /* aroma.app */;
			productType = "com.apple.product-type.application";
		};
		B80D48991BE0E29B009E3410 /* aromaTests */ = {
			isa = PBXNativeTarget;
			buildConfigurationList = B80D48B11BE0E29B009E3410 /* Build configuration list for PBXNativeTarget "aromaTests" */;
			buildPhases = (
				B80D48961BE0E29B009E3410 /* Sources */,
				B80D48971BE0E29B009E3410 /* Frameworks */,
				B80D48981BE0E29B009E3410 /* Resources */,
			);
			buildRules = (
			);
			dependencies = (
				B80D489C1BE0E29B009E3410 /* PBXTargetDependency */,
			);
			name = aromaTests;
			productName = aromaTests;
			productReference = B80D489A1BE0E29B009E3410 /* aromaTests.xctest */;
			productType = "com.apple.product-type.bundle.unit-test";
		};
		B80D48A41BE0E29B009E3410 /* aromaUITests */ = {
			isa = PBXNativeTarget;
			buildConfigurationList = B80D48B41BE0E29B009E3410 /* Build configuration list for PBXNativeTarget "aromaUITests" */;
			buildPhases = (
				B80D48A11BE0E29B009E3410 /* Sources */,
				B80D48A21BE0E29B009E3410 /* Frameworks */,
				B80D48A31BE0E29B009E3410 /* Resources */,
			);
			buildRules = (
			);
			dependencies = (
				B80D48A71BE0E29B009E3410 /* PBXTargetDependency */,
			);
			name = aromaUITests;
			productName = aromaUITests;
			productReference = B80D48A51BE0E29B009E3410 /* aromaUITests.xctest */;
			productType = "com.apple.product-type.bundle.ui-testing";
		};
/* End PBXNativeTarget section */

/* Begin PBXProject section */
		B80D487B1BE0E29B009E3410 /* Project object */ = {
			isa = PBXProject;
			attributes = {
				LastUpgradeCheck = 0700;
				ORGANIZATIONNAME = "Yoshikazu Oda";
				TargetAttributes = {
					B80D48821BE0E29B009E3410 = {
						CreatedOnToolsVersion = 7.0.1;
					};
					B80D48991BE0E29B009E3410 = {
						CreatedOnToolsVersion = 7.0.1;
						TestTargetID = B80D48821BE0E29B009E3410;
					};
					B80D48A41BE0E29B009E3410 = {
						CreatedOnToolsVersion = 7.0.1;
						TestTargetID = B80D48821BE0E29B009E3410;
					};
				};
			};
			buildConfigurationList = B80D487E1BE0E29B009E3410 /* Build configuration list for PBXProject "aroma" */;
			compatibilityVersion = "Xcode 3.2";
			developmentRegion = English;
			hasScannedForEncodings = 0;
			knownRegions = (
				en,
				Base,
				ja,
			);
			mainGroup = B80D487A1BE0E29B009E3410;
			productRefGroup = B80D48841BE0E29B009E3410 /* Products */;
			projectDirPath = "";
			projectRoot = "";
			targets = (
				B80D48821BE0E29B009E3410 /* aroma */,
				B80D48991BE0E29B009E3410 /* aromaTests */,
				B80D48A41BE0E29B009E3410 /* aromaUITests */,
			);
		};
/* End PBXProject section */

/* Begin PBXResourcesBuildPhase section */
		B80D48811BE0E29B009E3410 /* Resources */ = {
			isa = PBXResourcesBuildPhase;
			buildActionMask = 2147483647;
			files = (
				B80D48941BE0E29B009E3410 /* LaunchScreen.storyboard in Resources */,
				B8DF66CA1BE0FB0600729DBB /* MyPage.storyboard in Resources */,
				B8DF66BD1BE0F59700729DBB /* TimeLine.storyboard in Resources */,
				B8DF66C81BE0FADD00729DBB /* Notice.storyboard in Resources */,
				B809A9C11BE61D60000D0D8A /* Localizable.strings in Resources */,
				B8DF66C01BE0FA3400729DBB /* Search.storyboard in Resources */,
				B8DF66CF1BE0FEDB00729DBB /* Post.storyboard in Resources */,
				B80D48911BE0E29B009E3410 /* Assets.xcassets in Resources */,
				B825997F1BE43A870054EF5E /* Home.storyboard in Resources */,
			);
			runOnlyForDeploymentPostprocessing = 0;
		};
		B80D48981BE0E29B009E3410 /* Resources */ = {
			isa = PBXResourcesBuildPhase;
			buildActionMask = 2147483647;
			files = (
			);
			runOnlyForDeploymentPostprocessing = 0;
		};
		B80D48A31BE0E29B009E3410 /* Resources */ = {
			isa = PBXResourcesBuildPhase;
			buildActionMask = 2147483647;
			files = (
			);
			runOnlyForDeploymentPostprocessing = 0;
		};
/* End PBXResourcesBuildPhase section */

/* Begin PBXShellScriptBuildPhase section */
		2FF83536A1936395B102228D /* Copy Pods Resources */ = {
			isa = PBXShellScriptBuildPhase;
			buildActionMask = 2147483647;
			files = (
			);
			inputPaths = (
			);
			name = "Copy Pods Resources";
			outputPaths = (
			);
			runOnlyForDeploymentPostprocessing = 0;
			shellPath = /bin/sh;
			shellScript = "\"${SRCROOT}/Pods/Target Support Files/Pods/Pods-resources.sh\"\n";
			showEnvVarsInLog = 0;
		};
		C854375D52A946DE77F12C2B /* Check Pods Manifest.lock */ = {
			isa = PBXShellScriptBuildPhase;
			buildActionMask = 2147483647;
			files = (
			);
			inputPaths = (
			);
			name = "Check Pods Manifest.lock";
			outputPaths = (
			);
			runOnlyForDeploymentPostprocessing = 0;
			shellPath = /bin/sh;
			shellScript = "diff \"${PODS_ROOT}/../Podfile.lock\" \"${PODS_ROOT}/Manifest.lock\" > /dev/null\nif [[ $? != 0 ]] ; then\n    cat << EOM\nerror: The sandbox is not in sync with the Podfile.lock. Run 'pod install' or update your CocoaPods installation.\nEOM\n    exit 1\nfi\n";
			showEnvVarsInLog = 0;
		};
		D25C79B4989483E07E3CEBB1 /* Embed Pods Frameworks */ = {
			isa = PBXShellScriptBuildPhase;
			buildActionMask = 2147483647;
			files = (
			);
			inputPaths = (
			);
			name = "Embed Pods Frameworks";
			outputPaths = (
			);
			runOnlyForDeploymentPostprocessing = 0;
			shellPath = /bin/sh;
			shellScript = "\"${SRCROOT}/Pods/Target Support Files/Pods/Pods-frameworks.sh\"\n";
			showEnvVarsInLog = 0;
		};
/* End PBXShellScriptBuildPhase section */

/* Begin PBXSourcesBuildPhase section */
		B80D487F1BE0E29B009E3410 /* Sources */ = {
			isa = PBXSourcesBuildPhase;
			buildActionMask = 2147483647;
			files = (
				B8D4F3A71BE5B364000E7D3A /* TimeLineCell.swift in Sources */,
				B8D4F3B41BE5C12B000E7D3A /* ProfileImageView.swift in Sources */,
				B8D4F3BA1BE5D448000E7D3A /* NSMutableAttributedString+Extension.swift in Sources */,
				B8DF66D41BE1017800729DBB /* UIViewController+Extension.swift in Sources */,
				B8DF66D11BE0FEF000729DBB /* PostViewController.swift in Sources */,
				B8DF66C21BE0FA4C00729DBB /* SearchViewController.swift in Sources */,
				B8DF66B81BE0F29600729DBB /* TabBarController.swift in Sources */,
				B8DF66CC1BE0FB1500729DBB /* MyPageViewController.swift in Sources */,
				B8D4F3AD1BE5B76E000E7D3A /* IngredientCell.swift in Sources */,
				B87CFA621BE7AE1500D6C43B /* AppColor.swift in Sources */,
				B8D4F3A91BE5B6A8000E7D3A /* IngredientDataHandler.swift in Sources */,
				B825997D1BE43A790054EF5E /* HomeViewController.swift in Sources */,
				B8DF66BB1BE0F54D00729DBB /* TimeLineViewController.swift in Sources */,
				B8D4F3B81BE5D19C000E7D3A /* SETextView+Extension.swift in Sources */,
				B8D4F3B61BE5C1E4000E7D3A /* ClipButton.swift in Sources */,
				B8DF66B11BE0F13900729DBB /* aroma.xcdatamodeld in Sources */,
				B8DF66C61BE0FAD000729DBB /* NoticeViewController.swift in Sources */,
				B87CFA641BE7AE3A00D6C43B /* UIColor+Extension.swift in Sources */,
				B809A9BB1BE61A07000D0D8A /* GlobalFunction.swift in Sources */,
				B8D4F3A51BE5B120000E7D3A /* TimeLineDataHandler.swift in Sources */,
				B8D4F3B21BE5C10B000E7D3A /* CommentButton.swift in Sources */,
				B8D4F3B01BE5C0B7000E7D3A /* LikeButton.swift in Sources */,
				B80D48871BE0E29B009E3410 /* AppDelegate.swift in Sources */,
			);
			runOnlyForDeploymentPostprocessing = 0;
		};
		B80D48961BE0E29B009E3410 /* Sources */ = {
			isa = PBXSourcesBuildPhase;
			buildActionMask = 2147483647;
			files = (
				B80D489F1BE0E29B009E3410 /* aromaTests.swift in Sources */,
			);
			runOnlyForDeploymentPostprocessing = 0;
		};
		B80D48A11BE0E29B009E3410 /* Sources */ = {
			isa = PBXSourcesBuildPhase;
			buildActionMask = 2147483647;
			files = (
				B80D48AA1BE0E29B009E3410 /* aromaUITests.swift in Sources */,
			);
			runOnlyForDeploymentPostprocessing = 0;
		};
/* End PBXSourcesBuildPhase section */

/* Begin PBXTargetDependency section */
		B80D489C1BE0E29B009E3410 /* PBXTargetDependency */ = {
			isa = PBXTargetDependency;
			target = B80D48821BE0E29B009E3410 /* aroma */;
			targetProxy = B80D489B1BE0E29B009E3410 /* PBXContainerItemProxy */;
		};
		B80D48A71BE0E29B009E3410 /* PBXTargetDependency */ = {
			isa = PBXTargetDependency;
			target = B80D48821BE0E29B009E3410 /* aroma */;
			targetProxy = B80D48A61BE0E29B009E3410 /* PBXContainerItemProxy */;
		};
/* End PBXTargetDependency section */

/* Begin PBXVariantGroup section */
		B809A9C31BE61D60000D0D8A /* Localizable.strings */ = {
			isa = PBXVariantGroup;
			children = (
				B809A9C21BE61D60000D0D8A /* Base */,
				B809A9C51BE61D65000D0D8A /* ja */,
			);
			name = Localizable.strings;
			sourceTree = "<group>";
		};
		B80D48921BE0E29B009E3410 /* LaunchScreen.storyboard */ = {
			isa = PBXVariantGroup;
			children = (
				B80D48931BE0E29B009E3410 /* Base */,
				B809A9BE1BE61C11000D0D8A /* ja */,
			);
			name = LaunchScreen.storyboard;
			sourceTree = "<group>";
		};
/* End PBXVariantGroup section */

/* Begin XCBuildConfiguration section */
		B80D48AC1BE0E29B009E3410 /* Debug */ = {
			isa = XCBuildConfiguration;
			baseConfigurationReference = 49C8AD235F9BB6C70F48CF74 /* Pods.debug.xcconfig */;
			buildSettings = {
				ALWAYS_SEARCH_USER_PATHS = NO;
				CLANG_CXX_LANGUAGE_STANDARD = "gnu++0x";
				CLANG_CXX_LIBRARY = "libc++";
				CLANG_ENABLE_MODULES = YES;
				CLANG_ENABLE_OBJC_ARC = YES;
				CLANG_WARN_BOOL_CONVERSION = YES;
				CLANG_WARN_CONSTANT_CONVERSION = YES;
				CLANG_WARN_DIRECT_OBJC_ISA_USAGE = YES_ERROR;
				CLANG_WARN_EMPTY_BODY = YES;
				CLANG_WARN_ENUM_CONVERSION = YES;
				CLANG_WARN_INT_CONVERSION = YES;
				CLANG_WARN_OBJC_ROOT_CLASS = YES_ERROR;
				CLANG_WARN_UNREACHABLE_CODE = YES;
				CLANG_WARN__DUPLICATE_METHOD_MATCH = YES;
				"CODE_SIGN_IDENTITY[sdk=iphoneos*]" = "iPhone Developer";
				COPY_PHASE_STRIP = NO;
				DEBUG_INFORMATION_FORMAT = dwarf;
				ENABLE_STRICT_OBJC_MSGSEND = YES;
				ENABLE_TESTABILITY = YES;
				GCC_C_LANGUAGE_STANDARD = gnu99;
				GCC_DYNAMIC_NO_PIC = NO;
				GCC_NO_COMMON_BLOCKS = YES;
				GCC_OPTIMIZATION_LEVEL = 0;
				GCC_PREPROCESSOR_DEFINITIONS = (
					"DEBUG=1",
					"$(inherited)",
				);
				GCC_WARN_64_TO_32_BIT_CONVERSION = YES;
				GCC_WARN_ABOUT_RETURN_TYPE = YES_ERROR;
				GCC_WARN_UNDECLARED_SELECTOR = YES;
				GCC_WARN_UNINITIALIZED_AUTOS = YES_AGGRESSIVE;
				GCC_WARN_UNUSED_FUNCTION = YES;
				GCC_WARN_UNUSED_VARIABLE = YES;
				IPHONEOS_DEPLOYMENT_TARGET = 9.0;
				MTL_ENABLE_DEBUG_INFO = YES;
				ONLY_ACTIVE_ARCH = YES;
				SDKROOT = iphoneos;
				SWIFT_OPTIMIZATION_LEVEL = "-Onone";
				TARGETED_DEVICE_FAMILY = "1,2";
			};
			name = Debug;
		};
		B80D48AD1BE0E29B009E3410 /* Release */ = {
			isa = XCBuildConfiguration;
			baseConfigurationReference = 6F2E1F4DFF18D580EC23A23C /* Pods.release.xcconfig */;
			buildSettings = {
				ALWAYS_SEARCH_USER_PATHS = NO;
				CLANG_CXX_LANGUAGE_STANDARD = "gnu++0x";
				CLANG_CXX_LIBRARY = "libc++";
				CLANG_ENABLE_MODULES = YES;
				CLANG_ENABLE_OBJC_ARC = YES;
				CLANG_WARN_BOOL_CONVERSION = YES;
				CLANG_WARN_CONSTANT_CONVERSION = YES;
				CLANG_WARN_DIRECT_OBJC_ISA_USAGE = YES_ERROR;
				CLANG_WARN_EMPTY_BODY = YES;
				CLANG_WARN_ENUM_CONVERSION = YES;
				CLANG_WARN_INT_CONVERSION = YES;
				CLANG_WARN_OBJC_ROOT_CLASS = YES_ERROR;
				CLANG_WARN_UNREACHABLE_CODE = YES;
				CLANG_WARN__DUPLICATE_METHOD_MATCH = YES;
				"CODE_SIGN_IDENTITY[sdk=iphoneos*]" = "iPhone Developer";
				COPY_PHASE_STRIP = NO;
				DEBUG_INFORMATION_FORMAT = "dwarf-with-dsym";
				ENABLE_NS_ASSERTIONS = NO;
				ENABLE_STRICT_OBJC_MSGSEND = YES;
				GCC_C_LANGUAGE_STANDARD = gnu99;
				GCC_NO_COMMON_BLOCKS = YES;
				GCC_WARN_64_TO_32_BIT_CONVERSION = YES;
				GCC_WARN_ABOUT_RETURN_TYPE = YES_ERROR;
				GCC_WARN_UNDECLARED_SELECTOR = YES;
				GCC_WARN_UNINITIALIZED_AUTOS = YES_AGGRESSIVE;
				GCC_WARN_UNUSED_FUNCTION = YES;
				GCC_WARN_UNUSED_VARIABLE = YES;
				IPHONEOS_DEPLOYMENT_TARGET = 9.0;
				MTL_ENABLE_DEBUG_INFO = NO;
				SDKROOT = iphoneos;
				TARGETED_DEVICE_FAMILY = "1,2";
				VALIDATE_PRODUCT = YES;
			};
			name = Release;
		};
		B80D48AF1BE0E29B009E3410 /* Debug */ = {
			isa = XCBuildConfiguration;
			baseConfigurationReference = 49C8AD235F9BB6C70F48CF74 /* Pods.debug.xcconfig */;
			buildSettings = {
				ASSETCATALOG_COMPILER_APPICON_NAME = AppIcon;
				INFOPLIST_FILE = aroma/Info.plist;
				LD_RUNPATH_SEARCH_PATHS = "$(inherited) @executable_path/Frameworks";
				PRODUCT_BUNDLE_IDENTIFIER = com.yoshinbo.app.aroma;
				PRODUCT_NAME = "$(TARGET_NAME)";
			};
			name = Debug;
		};
		B80D48B01BE0E29B009E3410 /* Release */ = {
			isa = XCBuildConfiguration;
			baseConfigurationReference = 6F2E1F4DFF18D580EC23A23C /* Pods.release.xcconfig */;
			buildSettings = {
				ASSETCATALOG_COMPILER_APPICON_NAME = AppIcon;
				INFOPLIST_FILE = aroma/Info.plist;
				LD_RUNPATH_SEARCH_PATHS = "$(inherited) @executable_path/Frameworks";
				PRODUCT_BUNDLE_IDENTIFIER = com.yoshinbo.app.aroma;
				PRODUCT_NAME = "$(TARGET_NAME)";
			};
			name = Release;
		};
		B80D48B21BE0E29B009E3410 /* Debug */ = {
			isa = XCBuildConfiguration;
			baseConfigurationReference = 49C8AD235F9BB6C70F48CF74 /* Pods.debug.xcconfig */;
			buildSettings = {
				BUNDLE_LOADER = "$(TEST_HOST)";
				INFOPLIST_FILE = aromaTests/Info.plist;
				LD_RUNPATH_SEARCH_PATHS = "$(inherited) @executable_path/Frameworks @loader_path/Frameworks";
				PRODUCT_BUNDLE_IDENTIFIER = com.yoshinbo.app.aromaTests;
				PRODUCT_NAME = "$(TARGET_NAME)";
				TEST_HOST = "$(BUILT_PRODUCTS_DIR)/aroma.app/aroma";
			};
			name = Debug;
		};
		B80D48B31BE0E29B009E3410 /* Release */ = {
			isa = XCBuildConfiguration;
			baseConfigurationReference = 6F2E1F4DFF18D580EC23A23C /* Pods.release.xcconfig */;
			buildSettings = {
				BUNDLE_LOADER = "$(TEST_HOST)";
				INFOPLIST_FILE = aromaTests/Info.plist;
				LD_RUNPATH_SEARCH_PATHS = "$(inherited) @executable_path/Frameworks @loader_path/Frameworks";
				PRODUCT_BUNDLE_IDENTIFIER = com.yoshinbo.app.aromaTests;
				PRODUCT_NAME = "$(TARGET_NAME)";
				TEST_HOST = "$(BUILT_PRODUCTS_DIR)/aroma.app/aroma";
			};
			name = Release;
		};
		B80D48B51BE0E29B009E3410 /* Debug */ = {
			isa = XCBuildConfiguration;
			baseConfigurationReference = 49C8AD235F9BB6C70F48CF74 /* Pods.debug.xcconfig */;
			buildSettings = {
				INFOPLIST_FILE = aromaUITests/Info.plist;
				LD_RUNPATH_SEARCH_PATHS = "$(inherited) @executable_path/Frameworks @loader_path/Frameworks";
				PRODUCT_BUNDLE_IDENTIFIER = com.yoshinbo.app.aromaUITests;
				PRODUCT_NAME = "$(TARGET_NAME)";
				TEST_TARGET_NAME = aroma;
				USES_XCTRUNNER = YES;
			};
			name = Debug;
		};
		B80D48B61BE0E29B009E3410 /* Release */ = {
			isa = XCBuildConfiguration;
			baseConfigurationReference = 6F2E1F4DFF18D580EC23A23C /* Pods.release.xcconfig */;
			buildSettings = {
				INFOPLIST_FILE = aromaUITests/Info.plist;
				LD_RUNPATH_SEARCH_PATHS = "$(inherited) @executable_path/Frameworks @loader_path/Frameworks";
				PRODUCT_BUNDLE_IDENTIFIER = com.yoshinbo.app.aromaUITests;
				PRODUCT_NAME = "$(TARGET_NAME)";
				TEST_TARGET_NAME = aroma;
				USES_XCTRUNNER = YES;
			};
			name = Release;
		};
/* End XCBuildConfiguration section */

/* Begin XCConfigurationList section */
		B80D487E1BE0E29B009E3410 /* Build configuration list for PBXProject "aroma" */ = {
			isa = XCConfigurationList;
			buildConfigurations = (
				B80D48AC1BE0E29B009E3410 /* Debug */,
				B80D48AD1BE0E29B009E3410 /* Release */,
			);
			defaultConfigurationIsVisible = 0;
			defaultConfigurationName = Release;
		};
		B80D48AE1BE0E29B009E3410 /* Build configuration list for PBXNativeTarget "aroma" */ = {
			isa = XCConfigurationList;
			buildConfigurations = (
				B80D48AF1BE0E29B009E3410 /* Debug */,
				B80D48B01BE0E29B009E3410 /* Release */,
			);
			defaultConfigurationIsVisible = 0;
			defaultConfigurationName = Release;
		};
		B80D48B11BE0E29B009E3410 /* Build configuration list for PBXNativeTarget "aromaTests" */ = {
			isa = XCConfigurationList;
			buildConfigurations = (
				B80D48B21BE0E29B009E3410 /* Debug */,
				B80D48B31BE0E29B009E3410 /* Release */,
			);
			defaultConfigurationIsVisible = 0;
			defaultConfigurationName = Release;
		};
		B80D48B41BE0E29B009E3410 /* Build configuration list for PBXNativeTarget "aromaUITests" */ = {
			isa = XCConfigurationList;
			buildConfigurations = (
				B80D48B51BE0E29B009E3410 /* Debug */,
				B80D48B61BE0E29B009E3410 /* Release */,
			);
			defaultConfigurationIsVisible = 0;
			defaultConfigurationName = Release;
		};
/* End XCConfigurationList section */

/* Begin XCVersionGroup section */
		B8DF66AF1BE0F13900729DBB /* aroma.xcdatamodeld */ = {
			isa = XCVersionGroup;
			children = (
				B8DF66B01BE0F13900729DBB /* aroma.xcdatamodel */,
			);
			currentVersion = B8DF66B01BE0F13900729DBB /* aroma.xcdatamodel */;
			path = aroma.xcdatamodeld;
			sourceTree = "<group>";
			versionGroupType = wrapper.xcdatamodel;
		};
/* End XCVersionGroup section */
	};
	rootObject = B80D487B1BE0E29B009E3410 /* Project object */;
}
